
Microsoft Visual Studio Solution File, Format Version 12.00
# Visual Studio Version 17
VisualStudioVersion = 17.0.32112.339
MinimumVisualStudioVersion = 10.0.40219.1
Project("{FAE04EC0-301F-11D3-BF4B-00C04F79EFBC}") = "CrazyName", "CrazyName.csproj", "{35E3905D-45F5-4D30-8BDA-861A73F9BB46}"
EndProject
Global
	GlobalSection(SolutionConfigurationPlatforms) = preSolution
		Debug|Any CPU = Debug|Any CPU
		Release|Any CPU = Release|Any CPU
	EndGlobalSection
	GlobalSection(ProjectConfigurationPlatforms) = postSolution
		{35E3905D-45F5-4D30-8BDA-861A73F9BB46}.Debug|Any CPU.ActiveCfg = Debug|Any CPU
		{35E3905D-45F5-4D30-8BDA-861A73F9BB46}.Debug|Any CPU.Build.0 = Debug|Any CPU
		{35E3905D-45F5-4D30-8BDA-861A73F9BB46}.Release|Any CPU.ActiveCfg = Release|Any CPU
		{35E3905D-45F5-4D30-8BDA-861A73F9BB46}.Release|Any CPU.Build.0 = Release|Any CPU
	EndGlobalSection
	GlobalSection(SolutionProperties) = preSolution
		HideSolutionNode = FALSE
	EndGlobalSection
	GlobalSection(ExtensibilityGlobals) = postSolution
		SolutionGuid = {D94DC46B-25FB-49DC-995C-523693ABB6B8}
	EndGlobalSection
EndGlobal
