
Microsoft Visual Studio Solution File, Format Version 12.00
# Visual Studio Version 16
VisualStudioVersion = 16.0.31911.196
MinimumVisualStudioVersion = 10.0.40219.1
Project("{FAE04EC0-301F-11D3-BF4B-00C04F79EFBC}") = "Ejercicio 17", "Ejercicio 17.csproj", "{F3148E81-CC0F-431B-853A-D38C80C35377}"
EndProject
Global
	GlobalSection(SolutionConfigurationPlatforms) = preSolution
		Debug|Any CPU = Debug|Any CPU
		Release|Any CPU = Release|Any CPU
	EndGlobalSection
	GlobalSection(ProjectConfigurationPlatforms) = postSolution
		{F3148E81-CC0F-431B-853A-D38C80C35377}.Debug|Any CPU.ActiveCfg = Debug|Any CPU
		{F3148E81-CC0F-431B-853A-D38C80C35377}.Debug|Any CPU.Build.0 = Debug|Any CPU
		{F3148E81-CC0F-431B-853A-D38C80C35377}.Release|Any CPU.ActiveCfg = Release|Any CPU
		{F3148E81-CC0F-431B-853A-D38C80C35377}.Release|Any CPU.Build.0 = Release|Any CPU
	EndGlobalSection
	GlobalSection(SolutionProperties) = preSolution
		HideSolutionNode = FALSE
	EndGlobalSection
	GlobalSection(ExtensibilityGlobals) = postSolution
		SolutionGuid = {90B852C5-21AC-48C3-8628-B34492CBE6EB}
	EndGlobalSection
EndGlobal
