
Microsoft Visual Studio Solution File, Format Version 12.00
# Visual Studio 15
VisualStudioVersion = 15.0.28307.136
MinimumVisualStudioVersion = 10.0.40219.1
Project("{FAE04EC0-301F-11D3-BF4B-00C04F79EFBC}") = "EJ35", "EJ35.csproj", "{35368114-20F2-4AE4-BDDA-E08E4B0FA622}"
EndProject
Global
	GlobalSection(SolutionConfigurationPlatforms) = preSolution
		Debug|Any CPU = Debug|Any CPU
		Release|Any CPU = Release|Any CPU
	EndGlobalSection
	GlobalSection(ProjectConfigurationPlatforms) = postSolution
		{35368114-20F2-4AE4-BDDA-E08E4B0FA622}.Debug|Any CPU.ActiveCfg = Debug|Any CPU
		{35368114-20F2-4AE4-BDDA-E08E4B0FA622}.Debug|Any CPU.Build.0 = Debug|Any CPU
		{35368114-20F2-4AE4-BDDA-E08E4B0FA622}.Release|Any CPU.ActiveCfg = Release|Any CPU
		{35368114-20F2-4AE4-BDDA-E08E4B0FA622}.Release|Any CPU.Build.0 = Release|Any CPU
	EndGlobalSection
	GlobalSection(SolutionProperties) = preSolution
		HideSolutionNode = FALSE
	EndGlobalSection
	GlobalSection(ExtensibilityGlobals) = postSolution
		SolutionGuid = {D1CB5E0A-89FD-4721-834C-E8868C8BEECC}
	EndGlobalSection
EndGlobal
