
Microsoft Visual Studio Solution File, Format Version 12.00
# Visual Studio 15
VisualStudioVersion = 15.0.28307.136
MinimumVisualStudioVersion = 10.0.40219.1
Project("{FAE04EC0-301F-11D3-BF4B-00C04F79EFBC}") = "EJ33", "EJ33.csproj", "{51E4ED4A-76BF-42D3-AD8B-685CF47DBC46}"
EndProject
Global
	GlobalSection(SolutionConfigurationPlatforms) = preSolution
		Debug|Any CPU = Debug|Any CPU
		Release|Any CPU = Release|Any CPU
	EndGlobalSection
	GlobalSection(ProjectConfigurationPlatforms) = postSolution
		{51E4ED4A-76BF-42D3-AD8B-685CF47DBC46}.Debug|Any CPU.ActiveCfg = Debug|Any CPU
		{51E4ED4A-76BF-42D3-AD8B-685CF47DBC46}.Debug|Any CPU.Build.0 = Debug|Any CPU
		{51E4ED4A-76BF-42D3-AD8B-685CF47DBC46}.Release|Any CPU.ActiveCfg = Release|Any CPU
		{51E4ED4A-76BF-42D3-AD8B-685CF47DBC46}.Release|Any CPU.Build.0 = Release|Any CPU
	EndGlobalSection
	GlobalSection(SolutionProperties) = preSolution
		HideSolutionNode = FALSE
	EndGlobalSection
	GlobalSection(ExtensibilityGlobals) = postSolution
		SolutionGuid = {0EE4D21C-812A-4A83-96BE-2179E60E6455}
	EndGlobalSection
EndGlobal
