
Microsoft Visual Studio Solution File, Format Version 12.00
# Visual Studio Version 17
VisualStudioVersion = 17.0.32112.339
MinimumVisualStudioVersion = 10.0.40219.1
Project("{FAE04EC0-301F-11D3-BF4B-00C04F79EFBC}") = "Ejercicio 1", "Ejercicio 1.csproj", "{BA9ADDFD-40C3-45FC-A223-367274B05913}"
EndProject
Global
	GlobalSection(SolutionConfigurationPlatforms) = preSolution
		Debug|Any CPU = Debug|Any CPU
		Release|Any CPU = Release|Any CPU
	EndGlobalSection
	GlobalSection(ProjectConfigurationPlatforms) = postSolution
		{BA9ADDFD-40C3-45FC-A223-367274B05913}.Debug|Any CPU.ActiveCfg = Debug|Any CPU
		{BA9ADDFD-40C3-45FC-A223-367274B05913}.Debug|Any CPU.Build.0 = Debug|Any CPU
		{BA9ADDFD-40C3-45FC-A223-367274B05913}.Release|Any CPU.ActiveCfg = Release|Any CPU
		{BA9ADDFD-40C3-45FC-A223-367274B05913}.Release|Any CPU.Build.0 = Release|Any CPU
	EndGlobalSection
	GlobalSection(SolutionProperties) = preSolution
		HideSolutionNode = FALSE
	EndGlobalSection
	GlobalSection(ExtensibilityGlobals) = postSolution
		SolutionGuid = {683533AB-BF04-4277-9A35-D08EBF6B64B8}
	EndGlobalSection
EndGlobal
