
Microsoft Visual Studio Solution File, Format Version 12.00
# Visual Studio 15
VisualStudioVersion = 15.0.28307.136
MinimumVisualStudioVersion = 10.0.40219.1
Project("{FAE04EC0-301F-11D3-BF4B-00C04F79EFBC}") = "EJ32", "EJ32.csproj", "{DDBF6A20-2CD8-42BD-BD8A-08D58D63CFF4}"
EndProject
Global
	GlobalSection(SolutionConfigurationPlatforms) = preSolution
		Debug|Any CPU = Debug|Any CPU
		Release|Any CPU = Release|Any CPU
	EndGlobalSection
	GlobalSection(ProjectConfigurationPlatforms) = postSolution
		{DDBF6A20-2CD8-42BD-BD8A-08D58D63CFF4}.Debug|Any CPU.ActiveCfg = Debug|Any CPU
		{DDBF6A20-2CD8-42BD-BD8A-08D58D63CFF4}.Debug|Any CPU.Build.0 = Debug|Any CPU
		{DDBF6A20-2CD8-42BD-BD8A-08D58D63CFF4}.Release|Any CPU.ActiveCfg = Release|Any CPU
		{DDBF6A20-2CD8-42BD-BD8A-08D58D63CFF4}.Release|Any CPU.Build.0 = Release|Any CPU
	EndGlobalSection
	GlobalSection(SolutionProperties) = preSolution
		HideSolutionNode = FALSE
	EndGlobalSection
	GlobalSection(ExtensibilityGlobals) = postSolution
		SolutionGuid = {B206AE9F-DF32-4DE6-A71F-72A85C160E5C}
	EndGlobalSection
EndGlobal
