
Microsoft Visual Studio Solution File, Format Version 12.00
# Visual Studio Version 16
VisualStudioVersion = 16.0.31911.196
MinimumVisualStudioVersion = 10.0.40219.1
Project("{FAE04EC0-301F-11D3-BF4B-00C04F79EFBC}") = "Ejercicio 3", "Ejercicio 3.csproj", "{5C21A318-6DA9-4B4B-BEF2-3A93A070EDFD}"
EndProject
Global
	GlobalSection(SolutionConfigurationPlatforms) = preSolution
		Debug|Any CPU = Debug|Any CPU
		Release|Any CPU = Release|Any CPU
	EndGlobalSection
	GlobalSection(ProjectConfigurationPlatforms) = postSolution
		{5C21A318-6DA9-4B4B-BEF2-3A93A070EDFD}.Debug|Any CPU.ActiveCfg = Debug|Any CPU
		{5C21A318-6DA9-4B4B-BEF2-3A93A070EDFD}.Debug|Any CPU.Build.0 = Debug|Any CPU
		{5C21A318-6DA9-4B4B-BEF2-3A93A070EDFD}.Release|Any CPU.ActiveCfg = Release|Any CPU
		{5C21A318-6DA9-4B4B-BEF2-3A93A070EDFD}.Release|Any CPU.Build.0 = Release|Any CPU
	EndGlobalSection
	GlobalSection(SolutionProperties) = preSolution
		HideSolutionNode = FALSE
	EndGlobalSection
	GlobalSection(ExtensibilityGlobals) = postSolution
		SolutionGuid = {485A5DB0-B692-460E-9218-DD74A3907AF6}
	EndGlobalSection
EndGlobal
