
Microsoft Visual Studio Solution File, Format Version 12.00
# Visual Studio Version 16
VisualStudioVersion = 16.0.31911.196
MinimumVisualStudioVersion = 10.0.40219.1
Project("{FAE04EC0-301F-11D3-BF4B-00C04F79EFBC}") = "Ejercicio 25", "Ejercicio 25.csproj", "{98F62803-2E90-4F4F-9445-516DE2816752}"
EndProject
Global
	GlobalSection(SolutionConfigurationPlatforms) = preSolution
		Debug|Any CPU = Debug|Any CPU
		Release|Any CPU = Release|Any CPU
	EndGlobalSection
	GlobalSection(ProjectConfigurationPlatforms) = postSolution
		{98F62803-2E90-4F4F-9445-516DE2816752}.Debug|Any CPU.ActiveCfg = Debug|Any CPU
		{98F62803-2E90-4F4F-9445-516DE2816752}.Debug|Any CPU.Build.0 = Debug|Any CPU
		{98F62803-2E90-4F4F-9445-516DE2816752}.Release|Any CPU.ActiveCfg = Release|Any CPU
		{98F62803-2E90-4F4F-9445-516DE2816752}.Release|Any CPU.Build.0 = Release|Any CPU
	EndGlobalSection
	GlobalSection(SolutionProperties) = preSolution
		HideSolutionNode = FALSE
	EndGlobalSection
	GlobalSection(ExtensibilityGlobals) = postSolution
		SolutionGuid = {69D1A0BB-35B3-4209-9DC9-47B39FA6FEAC}
	EndGlobalSection
EndGlobal
