
Microsoft Visual Studio Solution File, Format Version 12.00
# Visual Studio Version 16
VisualStudioVersion = 16.0.31911.196
MinimumVisualStudioVersion = 10.0.40219.1
Project("{FAE04EC0-301F-11D3-BF4B-00C04F79EFBC}") = "Ejercicio 24", "Ejercicio 24.csproj", "{E68AC42D-592F-4A3E-9662-E52E796850A7}"
EndProject
Global
	GlobalSection(SolutionConfigurationPlatforms) = preSolution
		Debug|Any CPU = Debug|Any CPU
		Release|Any CPU = Release|Any CPU
	EndGlobalSection
	GlobalSection(ProjectConfigurationPlatforms) = postSolution
		{E68AC42D-592F-4A3E-9662-E52E796850A7}.Debug|Any CPU.ActiveCfg = Debug|Any CPU
		{E68AC42D-592F-4A3E-9662-E52E796850A7}.Debug|Any CPU.Build.0 = Debug|Any CPU
		{E68AC42D-592F-4A3E-9662-E52E796850A7}.Release|Any CPU.ActiveCfg = Release|Any CPU
		{E68AC42D-592F-4A3E-9662-E52E796850A7}.Release|Any CPU.Build.0 = Release|Any CPU
	EndGlobalSection
	GlobalSection(SolutionProperties) = preSolution
		HideSolutionNode = FALSE
	EndGlobalSection
	GlobalSection(ExtensibilityGlobals) = postSolution
		SolutionGuid = {C3D46510-DEAD-478F-AF64-859996E2B50F}
	EndGlobalSection
EndGlobal
