
Microsoft Visual Studio Solution File, Format Version 12.00
# Visual Studio Version 16
VisualStudioVersion = 16.0.31911.196
MinimumVisualStudioVersion = 10.0.40219.1
Project("{FAE04EC0-301F-11D3-BF4B-00C04F79EFBC}") = "Calculadora", "Calculadora.csproj", "{9FEDE937-336B-4D22-925A-1AB21D9FCDBF}"
EndProject
Global
	GlobalSection(SolutionConfigurationPlatforms) = preSolution
		Debug|Any CPU = Debug|Any CPU
		Release|Any CPU = Release|Any CPU
	EndGlobalSection
	GlobalSection(ProjectConfigurationPlatforms) = postSolution
		{9FEDE937-336B-4D22-925A-1AB21D9FCDBF}.Debug|Any CPU.ActiveCfg = Debug|Any CPU
		{9FEDE937-336B-4D22-925A-1AB21D9FCDBF}.Debug|Any CPU.Build.0 = Debug|Any CPU
		{9FEDE937-336B-4D22-925A-1AB21D9FCDBF}.Release|Any CPU.ActiveCfg = Release|Any CPU
		{9FEDE937-336B-4D22-925A-1AB21D9FCDBF}.Release|Any CPU.Build.0 = Release|Any CPU
	EndGlobalSection
	GlobalSection(SolutionProperties) = preSolution
		HideSolutionNode = FALSE
	EndGlobalSection
	GlobalSection(ExtensibilityGlobals) = postSolution
		SolutionGuid = {E88AAA18-54D6-4CF7-BA87-21560BFBC9DF}
	EndGlobalSection
EndGlobal
