
Microsoft Visual Studio Solution File, Format Version 12.00
# Visual Studio Version 16
VisualStudioVersion = 16.0.31911.196
MinimumVisualStudioVersion = 10.0.40219.1
Project("{FAE04EC0-301F-11D3-BF4B-00C04F79EFBC}") = "Ejercicio7", "Ejercicio7.csproj", "{F9A10903-5F3D-4727-8E3A-F887CA643268}"
EndProject
Global
	GlobalSection(SolutionConfigurationPlatforms) = preSolution
		Debug|Any CPU = Debug|Any CPU
		Release|Any CPU = Release|Any CPU
	EndGlobalSection
	GlobalSection(ProjectConfigurationPlatforms) = postSolution
		{F9A10903-5F3D-4727-8E3A-F887CA643268}.Debug|Any CPU.ActiveCfg = Debug|Any CPU
		{F9A10903-5F3D-4727-8E3A-F887CA643268}.Debug|Any CPU.Build.0 = Debug|Any CPU
		{F9A10903-5F3D-4727-8E3A-F887CA643268}.Release|Any CPU.ActiveCfg = Release|Any CPU
		{F9A10903-5F3D-4727-8E3A-F887CA643268}.Release|Any CPU.Build.0 = Release|Any CPU
	EndGlobalSection
	GlobalSection(SolutionProperties) = preSolution
		HideSolutionNode = FALSE
	EndGlobalSection
	GlobalSection(ExtensibilityGlobals) = postSolution
		SolutionGuid = {4686808C-61A4-4B31-8A2E-F262F11DC494}
	EndGlobalSection
EndGlobal
