
Microsoft Visual Studio Solution File, Format Version 12.00
# Visual Studio Version 16
VisualStudioVersion = 16.0.31911.196
MinimumVisualStudioVersion = 10.0.40219.1
Project("{FAE04EC0-301F-11D3-BF4B-00C04F79EFBC}") = "Ejercicio2", "Ejercicio2.csproj", "{24C0A804-04E5-4827-8AB2-B51D55BB2A19}"
EndProject
Global
	GlobalSection(SolutionConfigurationPlatforms) = preSolution
		Debug|Any CPU = Debug|Any CPU
		Release|Any CPU = Release|Any CPU
	EndGlobalSection
	GlobalSection(ProjectConfigurationPlatforms) = postSolution
		{24C0A804-04E5-4827-8AB2-B51D55BB2A19}.Debug|Any CPU.ActiveCfg = Debug|Any CPU
		{24C0A804-04E5-4827-8AB2-B51D55BB2A19}.Debug|Any CPU.Build.0 = Debug|Any CPU
		{24C0A804-04E5-4827-8AB2-B51D55BB2A19}.Release|Any CPU.ActiveCfg = Release|Any CPU
		{24C0A804-04E5-4827-8AB2-B51D55BB2A19}.Release|Any CPU.Build.0 = Release|Any CPU
	EndGlobalSection
	GlobalSection(SolutionProperties) = preSolution
		HideSolutionNode = FALSE
	EndGlobalSection
	GlobalSection(ExtensibilityGlobals) = postSolution
		SolutionGuid = {A5737C34-5146-474A-A39C-DF78E163E7C8}
	EndGlobalSection
EndGlobal
