
Microsoft Visual Studio Solution File, Format Version 12.00
# Visual Studio 15
VisualStudioVersion = 15.0.28010.2050
MinimumVisualStudioVersion = 10.0.40219.1
Project("{FAE04EC0-301F-11D3-BF4B-00C04F79EFBC}") = "UsoDeListas", "UsoDeListas.csproj", "{95AE65AF-57CC-459C-9587-382A7D1DCF8D}"
EndProject
Global
	GlobalSection(SolutionConfigurationPlatforms) = preSolution
		Debug|Any CPU = Debug|Any CPU
		Release|Any CPU = Release|Any CPU
	EndGlobalSection
	GlobalSection(ProjectConfigurationPlatforms) = postSolution
		{95AE65AF-57CC-459C-9587-382A7D1DCF8D}.Debug|Any CPU.ActiveCfg = Debug|Any CPU
		{95AE65AF-57CC-459C-9587-382A7D1DCF8D}.Debug|Any CPU.Build.0 = Debug|Any CPU
		{95AE65AF-57CC-459C-9587-382A7D1DCF8D}.Release|Any CPU.ActiveCfg = Release|Any CPU
		{95AE65AF-57CC-459C-9587-382A7D1DCF8D}.Release|Any CPU.Build.0 = Release|Any CPU
	EndGlobalSection
	GlobalSection(SolutionProperties) = preSolution
		HideSolutionNode = FALSE
	EndGlobalSection
	GlobalSection(ExtensibilityGlobals) = postSolution
		SolutionGuid = {44463E31-6B87-4E35-8217-5C5E6DD445FF}
	EndGlobalSection
EndGlobal
