
Microsoft Visual Studio Solution File, Format Version 12.00
# Visual Studio Version 16
VisualStudioVersion = 16.0.31911.196
MinimumVisualStudioVersion = 10.0.40219.1
Project("{FAE04EC0-301F-11D3-BF4B-00C04F79EFBC}") = "Ejercicio5", "Ejercicio5.csproj", "{1A4ACDC2-A557-4F0A-95EB-EA059A173C2B}"
EndProject
Global
	GlobalSection(SolutionConfigurationPlatforms) = preSolution
		Debug|Any CPU = Debug|Any CPU
		Release|Any CPU = Release|Any CPU
	EndGlobalSection
	GlobalSection(ProjectConfigurationPlatforms) = postSolution
		{1A4ACDC2-A557-4F0A-95EB-EA059A173C2B}.Debug|Any CPU.ActiveCfg = Debug|Any CPU
		{1A4ACDC2-A557-4F0A-95EB-EA059A173C2B}.Debug|Any CPU.Build.0 = Debug|Any CPU
		{1A4ACDC2-A557-4F0A-95EB-EA059A173C2B}.Release|Any CPU.ActiveCfg = Release|Any CPU
		{1A4ACDC2-A557-4F0A-95EB-EA059A173C2B}.Release|Any CPU.Build.0 = Release|Any CPU
	EndGlobalSection
	GlobalSection(SolutionProperties) = preSolution
		HideSolutionNode = FALSE
	EndGlobalSection
	GlobalSection(ExtensibilityGlobals) = postSolution
		SolutionGuid = {EC91D2AB-D068-41E1-97FF-09FD71C6E229}
	EndGlobalSection
EndGlobal
