
Microsoft Visual Studio Solution File, Format Version 12.00
# Visual Studio Version 16
VisualStudioVersion = 16.0.31911.196
MinimumVisualStudioVersion = 10.0.40219.1
Project("{FAE04EC0-301F-11D3-BF4B-00C04F79EFBC}") = "Ejercicio 23", "Ejercicio 23.csproj", "{D0376AE1-F1EA-4287-B89C-9D89377470CC}"
EndProject
Global
	GlobalSection(SolutionConfigurationPlatforms) = preSolution
		Debug|Any CPU = Debug|Any CPU
		Release|Any CPU = Release|Any CPU
	EndGlobalSection
	GlobalSection(ProjectConfigurationPlatforms) = postSolution
		{D0376AE1-F1EA-4287-B89C-9D89377470CC}.Debug|Any CPU.ActiveCfg = Debug|Any CPU
		{D0376AE1-F1EA-4287-B89C-9D89377470CC}.Debug|Any CPU.Build.0 = Debug|Any CPU
		{D0376AE1-F1EA-4287-B89C-9D89377470CC}.Release|Any CPU.ActiveCfg = Release|Any CPU
		{D0376AE1-F1EA-4287-B89C-9D89377470CC}.Release|Any CPU.Build.0 = Release|Any CPU
	EndGlobalSection
	GlobalSection(SolutionProperties) = preSolution
		HideSolutionNode = FALSE
	EndGlobalSection
	GlobalSection(ExtensibilityGlobals) = postSolution
		SolutionGuid = {C5626210-2EDC-47CD-9917-EA52D7C97B61}
	EndGlobalSection
EndGlobal
