
Microsoft Visual Studio Solution File, Format Version 12.00
# Visual Studio Version 16
VisualStudioVersion = 16.0.31911.196
MinimumVisualStudioVersion = 10.0.40219.1
Project("{FAE04EC0-301F-11D3-BF4B-00C04F79EFBC}") = "Ejercicio 3", "Ejercicio 3.csproj", "{613841E4-5FD1-4EDD-8001-E84066C2B26A}"
EndProject
Global
	GlobalSection(SolutionConfigurationPlatforms) = preSolution
		Debug|Any CPU = Debug|Any CPU
		Release|Any CPU = Release|Any CPU
	EndGlobalSection
	GlobalSection(ProjectConfigurationPlatforms) = postSolution
		{613841E4-5FD1-4EDD-8001-E84066C2B26A}.Debug|Any CPU.ActiveCfg = Debug|Any CPU
		{613841E4-5FD1-4EDD-8001-E84066C2B26A}.Debug|Any CPU.Build.0 = Debug|Any CPU
		{613841E4-5FD1-4EDD-8001-E84066C2B26A}.Release|Any CPU.ActiveCfg = Release|Any CPU
		{613841E4-5FD1-4EDD-8001-E84066C2B26A}.Release|Any CPU.Build.0 = Release|Any CPU
	EndGlobalSection
	GlobalSection(SolutionProperties) = preSolution
		HideSolutionNode = FALSE
	EndGlobalSection
	GlobalSection(ExtensibilityGlobals) = postSolution
		SolutionGuid = {51A08649-0113-480A-B66C-B351F10C5E64}
	EndGlobalSection
EndGlobal
