
Microsoft Visual Studio Solution File, Format Version 12.00
# Visual Studio Version 16
VisualStudioVersion = 16.0.31911.196
MinimumVisualStudioVersion = 10.0.40219.1
Project("{FAE04EC0-301F-11D3-BF4B-00C04F79EFBC}") = "Aplicación", "Aplicación.csproj", "{89F1F37D-8AE3-44C9-9DF3-586C9CE4199B}"
EndProject
Global
	GlobalSection(SolutionConfigurationPlatforms) = preSolution
		Debug|Any CPU = Debug|Any CPU
		Release|Any CPU = Release|Any CPU
	EndGlobalSection
	GlobalSection(ProjectConfigurationPlatforms) = postSolution
		{89F1F37D-8AE3-44C9-9DF3-586C9CE4199B}.Debug|Any CPU.ActiveCfg = Debug|Any CPU
		{89F1F37D-8AE3-44C9-9DF3-586C9CE4199B}.Debug|Any CPU.Build.0 = Debug|Any CPU
		{89F1F37D-8AE3-44C9-9DF3-586C9CE4199B}.Release|Any CPU.ActiveCfg = Release|Any CPU
		{89F1F37D-8AE3-44C9-9DF3-586C9CE4199B}.Release|Any CPU.Build.0 = Release|Any CPU
	EndGlobalSection
	GlobalSection(SolutionProperties) = preSolution
		HideSolutionNode = FALSE
	EndGlobalSection
	GlobalSection(ExtensibilityGlobals) = postSolution
		SolutionGuid = {045E6684-2097-4A21-9EEF-3DB6281846C5}
	EndGlobalSection
EndGlobal
