
Microsoft Visual Studio Solution File, Format Version 12.00
# Visual Studio Version 17
VisualStudioVersion = 17.0.32014.148
MinimumVisualStudioVersion = 10.0.40219.1
Project("{FAE04EC0-301F-11D3-BF4B-00C04F79EFBC}") = "Ejercicio 32", "Ejercicio 32.csproj", "{747309C4-9DD5-4CC2-A9E9-A4FADEE3D59F}"
EndProject
Global
	GlobalSection(SolutionConfigurationPlatforms) = preSolution
		Debug|Any CPU = Debug|Any CPU
		Release|Any CPU = Release|Any CPU
	EndGlobalSection
	GlobalSection(ProjectConfigurationPlatforms) = postSolution
		{747309C4-9DD5-4CC2-A9E9-A4FADEE3D59F}.Debug|Any CPU.ActiveCfg = Debug|Any CPU
		{747309C4-9DD5-4CC2-A9E9-A4FADEE3D59F}.Debug|Any CPU.Build.0 = Debug|Any CPU
		{747309C4-9DD5-4CC2-A9E9-A4FADEE3D59F}.Release|Any CPU.ActiveCfg = Release|Any CPU
		{747309C4-9DD5-4CC2-A9E9-A4FADEE3D59F}.Release|Any CPU.Build.0 = Release|Any CPU
	EndGlobalSection
	GlobalSection(SolutionProperties) = preSolution
		HideSolutionNode = FALSE
	EndGlobalSection
	GlobalSection(ExtensibilityGlobals) = postSolution
		SolutionGuid = {F636D0E9-ADA9-4FDD-817F-017C109A72EF}
	EndGlobalSection
EndGlobal
